
Microsoft Visual Studio Solution File, Format Version 12.00
Project("{FAE04EC0-301F-11D3-BF4B-00C04F79EFBC}") = "Physics-Engine", "Physics-Engine\Physics-Engine.csproj", "{CBB502DE-AC14-4C06-8CA4-9DBB1B8F0BEF}"
EndProject
Global
	GlobalSection(SolutionConfigurationPlatforms) = preSolution
		Debug|Any CPU = Debug|Any CPU
		Release|Any CPU = Release|Any CPU
	EndGlobalSection
	GlobalSection(ProjectConfigurationPlatforms) = postSolution
		{CBB502DE-AC14-4C06-8CA4-9DBB1B8F0BEF}.Debug|Any CPU.ActiveCfg = Debug|Any CPU
		{CBB502DE-AC14-4C06-8CA4-9DBB1B8F0BEF}.Debug|Any CPU.Build.0 = Debug|Any CPU
		{CBB502DE-AC14-4C06-8CA4-9DBB1B8F0BEF}.Release|Any CPU.ActiveCfg = Release|Any CPU
		{CBB502DE-AC14-4C06-8CA4-9DBB1B8F0BEF}.Release|Any CPU.Build.0 = Release|Any CPU
	EndGlobalSection
EndGlobal
